
Microsoft Visual Studio Solution File, Format Version 12.00
# Visual Studio Version 16
VisualStudioVersion = 16.0.30320.27
MinimumVisualStudioVersion = 10.0.40219.1
Project("{9A19103F-16F7-4668-BE54-9A1E7A4F7556}") = "DeckOfCards", "DeckOfCards\DeckOfCards.csproj", "{A6161E6A-8276-4F93-B913-2008D905EE04}"
EndProject
Global
	GlobalSection(SolutionConfigurationPlatforms) = preSolution
		Debug|Any CPU = Debug|Any CPU
		Release|Any CPU = Release|Any CPU
	EndGlobalSection
	GlobalSection(ProjectConfigurationPlatforms) = postSolution
		{A6161E6A-8276-4F93-B913-2008D905EE04}.Debug|Any CPU.ActiveCfg = Debug|Any CPU
		{A6161E6A-8276-4F93-B913-2008D905EE04}.Debug|Any CPU.Build.0 = Debug|Any CPU
		{A6161E6A-8276-4F93-B913-2008D905EE04}.Release|Any CPU.ActiveCfg = Release|Any CPU
		{A6161E6A-8276-4F93-B913-2008D905EE04}.Release|Any CPU.Build.0 = Release|Any CPU
	EndGlobalSection
	GlobalSection(SolutionProperties) = preSolution
		HideSolutionNode = FALSE
	EndGlobalSection
	GlobalSection(ExtensibilityGlobals) = postSolution
		SolutionGuid = {D81E1F76-C20B-4FD1-8F4E-46E5129A300D}
	EndGlobalSection
EndGlobal
