
Microsoft Visual Studio Solution File, Format Version 12.00
# Visual Studio Version 16
VisualStudioVersion = 16.0.31129.286
MinimumVisualStudioVersion = 15.0.26124.0
Project("{9A19103F-16F7-4668-BE54-9A1E7A4F7556}") = "Bookstore", "Bookstore\Bookstore.csproj", "{C1D4EA59-F41A-4ED0-9512-B6B3953F04DF}"
EndProject
Global
	GlobalSection(SolutionConfigurationPlatforms) = preSolution
		Debug|Any CPU = Debug|Any CPU
		Debug|x64 = Debug|x64
		Debug|x86 = Debug|x86
		Release|Any CPU = Release|Any CPU
		Release|x64 = Release|x64
		Release|x86 = Release|x86
	EndGlobalSection
	GlobalSection(ProjectConfigurationPlatforms) = postSolution
		{C1D4EA59-F41A-4ED0-9512-B6B3953F04DF}.Debug|Any CPU.ActiveCfg = Debug|Any CPU
		{C1D4EA59-F41A-4ED0-9512-B6B3953F04DF}.Debug|Any CPU.Build.0 = Debug|Any CPU
		{C1D4EA59-F41A-4ED0-9512-B6B3953F04DF}.Debug|x64.ActiveCfg = Debug|Any CPU
		{C1D4EA59-F41A-4ED0-9512-B6B3953F04DF}.Debug|x64.Build.0 = Debug|Any CPU
		{C1D4EA59-F41A-4ED0-9512-B6B3953F04DF}.Debug|x86.ActiveCfg = Debug|Any CPU
		{C1D4EA59-F41A-4ED0-9512-B6B3953F04DF}.Debug|x86.Build.0 = Debug|Any CPU
		{C1D4EA59-F41A-4ED0-9512-B6B3953F04DF}.Release|Any CPU.ActiveCfg = Release|Any CPU
		{C1D4EA59-F41A-4ED0-9512-B6B3953F04DF}.Release|Any CPU.Build.0 = Release|Any CPU
		{C1D4EA59-F41A-4ED0-9512-B6B3953F04DF}.Release|x64.ActiveCfg = Release|Any CPU
		{C1D4EA59-F41A-4ED0-9512-B6B3953F04DF}.Release|x64.Build.0 = Release|Any CPU
		{C1D4EA59-F41A-4ED0-9512-B6B3953F04DF}.Release|x86.ActiveCfg = Release|Any CPU
		{C1D4EA59-F41A-4ED0-9512-B6B3953F04DF}.Release|x86.Build.0 = Release|Any CPU
	EndGlobalSection
	GlobalSection(SolutionProperties) = preSolution
		HideSolutionNode = FALSE
	EndGlobalSection
	GlobalSection(ExtensibilityGlobals) = postSolution
		SolutionGuid = {8A05D837-4062-473F-A140-FC23BE1F6828}
	EndGlobalSection
EndGlobal
