
Microsoft Visual Studio Solution File, Format Version 12.00
# Visual Studio Version 16
VisualStudioVersion = 16.0.31019.35
MinimumVisualStudioVersion = 10.0.40219.1
Project("{FAE04EC0-301F-11D3-BF4B-00C04F79EFBC}") = "VariablesDatatypesTutorial", "VariablesDatatypesTutorial\VariablesDatatypesTutorial.csproj", "{4A17CA10-3E5A-4B8E-B1F3-40B810515C3B}"
EndProject
Global
	GlobalSection(SolutionConfigurationPlatforms) = preSolution
		Debug|Any CPU = Debug|Any CPU
		Release|Any CPU = Release|Any CPU
	EndGlobalSection
	GlobalSection(ProjectConfigurationPlatforms) = postSolution
		{4A17CA10-3E5A-4B8E-B1F3-40B810515C3B}.Debug|Any CPU.ActiveCfg = Debug|Any CPU
		{4A17CA10-3E5A-4B8E-B1F3-40B810515C3B}.Debug|Any CPU.Build.0 = Debug|Any CPU
		{4A17CA10-3E5A-4B8E-B1F3-40B810515C3B}.Release|Any CPU.ActiveCfg = Release|Any CPU
		{4A17CA10-3E5A-4B8E-B1F3-40B810515C3B}.Release|Any CPU.Build.0 = Release|Any CPU
	EndGlobalSection
	GlobalSection(SolutionProperties) = preSolution
		HideSolutionNode = FALSE
	EndGlobalSection
	GlobalSection(ExtensibilityGlobals) = postSolution
		SolutionGuid = {078F31FA-11BA-4702-B016-FB9731A31EDE}
	EndGlobalSection
EndGlobal
