
Microsoft Visual Studio Solution File, Format Version 12.00
# Visual Studio Version 16
VisualStudioVersion = 16.0.31019.35
MinimumVisualStudioVersion = 15.0.26124.0
Project("{9A19103F-16F7-4668-BE54-9A1E7A4F7556}") = "Tutorial", "Tutorial\Tutorial.csproj", "{98D85B25-2223-442E-B389-C6C9BEBBCBDC}"
EndProject
Project("{FAE04EC0-301F-11D3-BF4B-00C04F79EFBC}") = "Tutorial.Tests", "Tutorial.Tests\Tutorial.Tests.csproj", "{DD5B364C-F9B7-412E-870C-1D63C996622A}"
EndProject
Global
	GlobalSection(SolutionConfigurationPlatforms) = preSolution
		Debug|Any CPU = Debug|Any CPU
		Debug|x64 = Debug|x64
		Debug|x86 = Debug|x86
		Release|Any CPU = Release|Any CPU
		Release|x64 = Release|x64
		Release|x86 = Release|x86
	EndGlobalSection
	GlobalSection(ProjectConfigurationPlatforms) = postSolution
		{98D85B25-2223-442E-B389-C6C9BEBBCBDC}.Debug|Any CPU.ActiveCfg = Debug|Any CPU
		{98D85B25-2223-442E-B389-C6C9BEBBCBDC}.Debug|Any CPU.Build.0 = Debug|Any CPU
		{98D85B25-2223-442E-B389-C6C9BEBBCBDC}.Debug|x64.ActiveCfg = Debug|Any CPU
		{98D85B25-2223-442E-B389-C6C9BEBBCBDC}.Debug|x64.Build.0 = Debug|Any CPU
		{98D85B25-2223-442E-B389-C6C9BEBBCBDC}.Debug|x86.ActiveCfg = Debug|Any CPU
		{98D85B25-2223-442E-B389-C6C9BEBBCBDC}.Debug|x86.Build.0 = Debug|Any CPU
		{98D85B25-2223-442E-B389-C6C9BEBBCBDC}.Release|Any CPU.ActiveCfg = Release|Any CPU
		{98D85B25-2223-442E-B389-C6C9BEBBCBDC}.Release|Any CPU.Build.0 = Release|Any CPU
		{98D85B25-2223-442E-B389-C6C9BEBBCBDC}.Release|x64.ActiveCfg = Release|Any CPU
		{98D85B25-2223-442E-B389-C6C9BEBBCBDC}.Release|x64.Build.0 = Release|Any CPU
		{98D85B25-2223-442E-B389-C6C9BEBBCBDC}.Release|x86.ActiveCfg = Release|Any CPU
		{98D85B25-2223-442E-B389-C6C9BEBBCBDC}.Release|x86.Build.0 = Release|Any CPU
		{DD5B364C-F9B7-412E-870C-1D63C996622A}.Debug|Any CPU.ActiveCfg = Debug|Any CPU
		{DD5B364C-F9B7-412E-870C-1D63C996622A}.Debug|Any CPU.Build.0 = Debug|Any CPU
		{DD5B364C-F9B7-412E-870C-1D63C996622A}.Debug|x64.ActiveCfg = Debug|Any CPU
		{DD5B364C-F9B7-412E-870C-1D63C996622A}.Debug|x64.Build.0 = Debug|Any CPU
		{DD5B364C-F9B7-412E-870C-1D63C996622A}.Debug|x86.ActiveCfg = Debug|Any CPU
		{DD5B364C-F9B7-412E-870C-1D63C996622A}.Debug|x86.Build.0 = Debug|Any CPU
		{DD5B364C-F9B7-412E-870C-1D63C996622A}.Release|Any CPU.ActiveCfg = Release|Any CPU
		{DD5B364C-F9B7-412E-870C-1D63C996622A}.Release|Any CPU.Build.0 = Release|Any CPU
		{DD5B364C-F9B7-412E-870C-1D63C996622A}.Release|x64.ActiveCfg = Release|Any CPU
		{DD5B364C-F9B7-412E-870C-1D63C996622A}.Release|x64.Build.0 = Release|Any CPU
		{DD5B364C-F9B7-412E-870C-1D63C996622A}.Release|x86.ActiveCfg = Release|Any CPU
		{DD5B364C-F9B7-412E-870C-1D63C996622A}.Release|x86.Build.0 = Release|Any CPU
	EndGlobalSection
	GlobalSection(SolutionProperties) = preSolution
		HideSolutionNode = FALSE
	EndGlobalSection
	GlobalSection(ExtensibilityGlobals) = postSolution
		SolutionGuid = {FA58CC34-5A39-460D-9F4A-EA127BDA1333}
	EndGlobalSection
EndGlobal
