
Microsoft Visual Studio Solution File, Format Version 12.00
# Visual Studio Version 16
VisualStudioVersion = 16.0.31129.286
MinimumVisualStudioVersion = 10.0.40219.1
Project("{9A19103F-16F7-4668-BE54-9A1E7A4F7556}") = "Tutorial", "Tutorial\Tutorial.csproj", "{57FE5B24-B6CA-4069-A480-35294EA520D5}"
EndProject
Global
	GlobalSection(SolutionConfigurationPlatforms) = preSolution
		Debug|Any CPU = Debug|Any CPU
		Release|Any CPU = Release|Any CPU
	EndGlobalSection
	GlobalSection(ProjectConfigurationPlatforms) = postSolution
		{57FE5B24-B6CA-4069-A480-35294EA520D5}.Debug|Any CPU.ActiveCfg = Debug|Any CPU
		{57FE5B24-B6CA-4069-A480-35294EA520D5}.Debug|Any CPU.Build.0 = Debug|Any CPU
		{57FE5B24-B6CA-4069-A480-35294EA520D5}.Release|Any CPU.ActiveCfg = Release|Any CPU
		{57FE5B24-B6CA-4069-A480-35294EA520D5}.Release|Any CPU.Build.0 = Release|Any CPU
	EndGlobalSection
	GlobalSection(SolutionProperties) = preSolution
		HideSolutionNode = FALSE
	EndGlobalSection
	GlobalSection(ExtensibilityGlobals) = postSolution
		SolutionGuid = {A9DF32AE-6DA2-44B4-93C6-F398ADE91BF8}
	EndGlobalSection
EndGlobal
